
Microsoft Visual Studio Solution File, Format Version 12.00
# Visual Studio Version 17
VisualStudioVersion = 17.0.31903.59
MinimumVisualStudioVersion = 10.0.40219.1
Project("{FAE04EC0-301F-11D3-BF4B-00C04F79EFBC}") = "TestProject.Web", "TestProject.Web\TestProject.Web.csproj", "{8CDD6CBF-FE4B-44EC-A342-D31E0CAD0DAA}"
EndProject
Project("{FAE04EC0-301F-11D3-BF4B-00C04F79EFBC}") = "TestProject.Service", "TestProject.Service\TestProject.Service.csproj", "{AF61D91C-D9AF-4487-B060-4CA91AFF710C}"
EndProject
Project("{FAE04EC0-301F-11D3-BF4B-00C04F79EFBC}") = "TestProject.Repository", "TestProject.Repository\TestProject.Repository.csproj", "{BC7F5943-CCC1-45A8-ADA3-64173BD3C6EB}"
EndProject
Project("{FAE04EC0-301F-11D3-BF4B-00C04F79EFBC}") = "TestProject.Entity", "TestProject.Entity\TestProject.Entity.csproj", "{4730475C-0A44-4E9C-8982-02353731DF84}"
EndProject
Global
	GlobalSection(SolutionConfigurationPlatforms) = preSolution
		Debug|Any CPU = Debug|Any CPU
		Release|Any CPU = Release|Any CPU
	EndGlobalSection
	GlobalSection(SolutionProperties) = preSolution
		HideSolutionNode = FALSE
	EndGlobalSection
	GlobalSection(ProjectConfigurationPlatforms) = postSolution
		{8CDD6CBF-FE4B-44EC-A342-D31E0CAD0DAA}.Debug|Any CPU.ActiveCfg = Debug|Any CPU
		{8CDD6CBF-FE4B-44EC-A342-D31E0CAD0DAA}.Debug|Any CPU.Build.0 = Debug|Any CPU
		{8CDD6CBF-FE4B-44EC-A342-D31E0CAD0DAA}.Release|Any CPU.ActiveCfg = Release|Any CPU
		{8CDD6CBF-FE4B-44EC-A342-D31E0CAD0DAA}.Release|Any CPU.Build.0 = Release|Any CPU
		{AF61D91C-D9AF-4487-B060-4CA91AFF710C}.Debug|Any CPU.ActiveCfg = Debug|Any CPU
		{AF61D91C-D9AF-4487-B060-4CA91AFF710C}.Debug|Any CPU.Build.0 = Debug|Any CPU
		{AF61D91C-D9AF-4487-B060-4CA91AFF710C}.Release|Any CPU.ActiveCfg = Release|Any CPU
		{AF61D91C-D9AF-4487-B060-4CA91AFF710C}.Release|Any CPU.Build.0 = Release|Any CPU
		{BC7F5943-CCC1-45A8-ADA3-64173BD3C6EB}.Debug|Any CPU.ActiveCfg = Debug|Any CPU
		{BC7F5943-CCC1-45A8-ADA3-64173BD3C6EB}.Debug|Any CPU.Build.0 = Debug|Any CPU
		{BC7F5943-CCC1-45A8-ADA3-64173BD3C6EB}.Release|Any CPU.ActiveCfg = Release|Any CPU
		{BC7F5943-CCC1-45A8-ADA3-64173BD3C6EB}.Release|Any CPU.Build.0 = Release|Any CPU
		{4730475C-0A44-4E9C-8982-02353731DF84}.Debug|Any CPU.ActiveCfg = Debug|Any CPU
		{4730475C-0A44-4E9C-8982-02353731DF84}.Debug|Any CPU.Build.0 = Debug|Any CPU
		{4730475C-0A44-4E9C-8982-02353731DF84}.Release|Any CPU.ActiveCfg = Release|Any CPU
		{4730475C-0A44-4E9C-8982-02353731DF84}.Release|Any CPU.Build.0 = Release|Any CPU
	EndGlobalSection
EndGlobal
